
Microsoft Visual Studio Solution File, Format Version 12.00
# Visual Studio Version 16
VisualStudioVersion = 16.0.29424.173
MinimumVisualStudioVersion = 10.0.40219.1
Project("{FAE04EC0-301F-11D3-BF4B-00C04F79EFBC}") = "ClaseServiciosWeb", "ClaseServiciosWeb\ClaseServiciosWeb.csproj", "{41F2EB94-EE1E-47E1-BF43-2086B21BA663}"
EndProject
Project("{FAE04EC0-301F-11D3-BF4B-00C04F79EFBC}") = "DAL", "DAL\DAL.csproj", "{38655083-A553-48CF-90F7-7ED0CEC5B240}"
EndProject
Project("{FAE04EC0-301F-11D3-BF4B-00C04F79EFBC}") = "Servicios", "Servicios\Servicios.csproj", "{31E646EC-E484-4B94-8ABB-4FA867D4B1CF}"
EndProject
Project("{FAE04EC0-301F-11D3-BF4B-00C04F79EFBC}") = "Web", "Web\Web.csproj", "{8325AC10-D268-4410-BEAC-7BCCA1CEEF6B}"
	ProjectSection(ProjectDependencies) = postProject
		{41F2EB94-EE1E-47E1-BF43-2086B21BA663} = {41F2EB94-EE1E-47E1-BF43-2086B21BA663}
	EndProjectSection
EndProject
Global
	GlobalSection(SolutionConfigurationPlatforms) = preSolution
		Debug|Any CPU = Debug|Any CPU
		Release|Any CPU = Release|Any CPU
	EndGlobalSection
	GlobalSection(ProjectConfigurationPlatforms) = postSolution
		{41F2EB94-EE1E-47E1-BF43-2086B21BA663}.Debug|Any CPU.ActiveCfg = Debug|Any CPU
		{41F2EB94-EE1E-47E1-BF43-2086B21BA663}.Debug|Any CPU.Build.0 = Debug|Any CPU
		{41F2EB94-EE1E-47E1-BF43-2086B21BA663}.Release|Any CPU.ActiveCfg = Release|Any CPU
		{41F2EB94-EE1E-47E1-BF43-2086B21BA663}.Release|Any CPU.Build.0 = Release|Any CPU
		{38655083-A553-48CF-90F7-7ED0CEC5B240}.Debug|Any CPU.ActiveCfg = Debug|Any CPU
		{38655083-A553-48CF-90F7-7ED0CEC5B240}.Debug|Any CPU.Build.0 = Debug|Any CPU
		{38655083-A553-48CF-90F7-7ED0CEC5B240}.Release|Any CPU.ActiveCfg = Release|Any CPU
		{38655083-A553-48CF-90F7-7ED0CEC5B240}.Release|Any CPU.Build.0 = Release|Any CPU
		{31E646EC-E484-4B94-8ABB-4FA867D4B1CF}.Debug|Any CPU.ActiveCfg = Debug|Any CPU
		{31E646EC-E484-4B94-8ABB-4FA867D4B1CF}.Debug|Any CPU.Build.0 = Debug|Any CPU
		{31E646EC-E484-4B94-8ABB-4FA867D4B1CF}.Release|Any CPU.ActiveCfg = Release|Any CPU
		{31E646EC-E484-4B94-8ABB-4FA867D4B1CF}.Release|Any CPU.Build.0 = Release|Any CPU
		{8325AC10-D268-4410-BEAC-7BCCA1CEEF6B}.Debug|Any CPU.ActiveCfg = Debug|Any CPU
		{8325AC10-D268-4410-BEAC-7BCCA1CEEF6B}.Debug|Any CPU.Build.0 = Debug|Any CPU
		{8325AC10-D268-4410-BEAC-7BCCA1CEEF6B}.Release|Any CPU.ActiveCfg = Release|Any CPU
		{8325AC10-D268-4410-BEAC-7BCCA1CEEF6B}.Release|Any CPU.Build.0 = Release|Any CPU
	EndGlobalSection
	GlobalSection(SolutionProperties) = preSolution
		HideSolutionNode = FALSE
	EndGlobalSection
	GlobalSection(ExtensibilityGlobals) = postSolution
		SolutionGuid = {9DAC0D6B-C95A-40E1-B02D-311D9CD19A2A}
	EndGlobalSection
EndGlobal
